// !$*UTF8*$!
{
	archiveVersion = 1;
	classes = {
	};
	objectVersion = 46;
	objects = {

/* Begin PBXBuildFile section */
		650BF7371C61D817003EF2C5 /* Park.swift in Sources */ = {isa = PBXBuildFile; fileRef = 650BF7361C61D817003EF2C5 /* Park.swift */; };
		658B23A71C7A633B00622487 /* ParksRootViewController.swift in Sources */ = {isa = PBXBuildFile; fileRef = 658B23A61C7A633B00622487 /* ParksRootViewController.swift */; };
		65E8709B1C86BFA600098E11 /* ParksMapViewController.swift in Sources */ = {isa = PBXBuildFile; fileRef = 65E8709A1C86BFA600098E11 /* ParksMapViewController.swift */; };
		65E870A01C86CCB900098E11 /* MapKit.framework in Frameworks */ = {isa = PBXBuildFile; fileRef = 65E8709F1C86CCB900098E11 /* MapKit.framework */; };
		65E870A11C86CCDC00098E11 /* MapKit.framework in Frameworks */ = {isa = PBXBuildFile; fileRef = 65E8709F1C86CCB900098E11 /* MapKit.framework */; };
		65F984D41C2E616B00C2CF60 /* AppDelegate.swift in Sources */ = {isa = PBXBuildFile; fileRef = 65F984D31C2E616B00C2CF60 /* AppDelegate.swift */; };
		65F984D91C2E616B00C2CF60 /* Main.storyboard in Resources */ = {isa = PBXBuildFile; fileRef = 65F984D71C2E616B00C2CF60 /* Main.storyboard */; };
		65F984DB1C2E616B00C2CF60 /* Assets.xcassets in Resources */ = {isa = PBXBuildFile; fileRef = 65F984DA1C2E616B00C2CF60 /* Assets.xcassets */; };
		65F984DE1C2E616B00C2CF60 /* LaunchScreen.storyboard in Resources */ = {isa = PBXBuildFile; fileRef = 65F984DC1C2E616B00C2CF60 /* LaunchScreen.storyboard */; };
		65F984E91C2E616B00C2CF60 /* ParklandiaTests.swift in Sources */ = {isa = PBXBuildFile; fileRef = 65F984E81C2E616B00C2CF60 /* ParklandiaTests.swift */; };
		65F984F41C2E616B00C2CF60 /* ParklandiaUITests.swift in Sources */ = {isa = PBXBuildFile; fileRef = 65F984F31C2E616B00C2CF60 /* ParklandiaUITests.swift */; };
		65F985021C2E64DF00C2CF60 /* ParksListViewController.swift in Sources */ = {isa = PBXBuildFile; fileRef = 65F985011C2E64DF00C2CF60 /* ParksListViewController.swift */; };
		65FD9EB51C6A39C500D6A1CB /* ParksNavigationController.swift in Sources */ = {isa = PBXBuildFile; fileRef = 65FD9EB41C6A39C500D6A1CB /* ParksNavigationController.swift */; };
/* End PBXBuildFile section */

/* Begin PBXContainerItemProxy section */
		65F984E51C2E616B00C2CF60 /* PBXContainerItemProxy */ = {
			isa = PBXContainerItemProxy;
			containerPortal = 65F984C81C2E616B00C2CF60 /* Project object */;
			proxyType = 1;
			remoteGlobalIDString = 65F984CF1C2E616B00C2CF60;
			remoteInfo = Parklandia;
		};
		65F984F01C2E616B00C2CF60 /* PBXContainerItemProxy */ = {
			isa = PBXContainerItemProxy;
			containerPortal = 65F984C81C2E616B00C2CF60 /* Project object */;
			proxyType = 1;
			remoteGlobalIDString = 65F984CF1C2E616B00C2CF60;
			remoteInfo = Parklandia;
		};
/* End PBXContainerItemProxy section */

/* Begin PBXFileReference section */
		650BF7361C61D817003EF2C5 /* Park.swift */ = {isa = PBXFileReference; fileEncoding = 4; lastKnownFileType = sourcecode.swift; path = Park.swift; sourceTree = "<group>"; };
		658B23A61C7A633B00622487 /* ParksRootViewController.swift */ = {isa = PBXFileReference; fileEncoding = 4; lastKnownFileType = sourcecode.swift; name = ParksRootViewController.swift; path = ../ParksRootViewController.swift; sourceTree = "<group>"; };
		65E8709A1C86BFA600098E11 /* ParksMapViewController.swift */ = {isa = PBXFileReference; fileEncoding = 4; lastKnownFileType = sourcecode.swift; path = ParksMapViewController.swift; sourceTree = "<group>"; };
		65E8709F1C86CCB900098E11 /* MapKit.framework */ = {isa = PBXFileReference; lastKnownFileType = wrapper.framework; name = MapKit.framework; path = System/Library/Frameworks/MapKit.framework; sourceTree = SDKROOT; };
		65F984D01C2E616B00C2CF60 /* Parklandia.app */ = {isa = PBXFileReference; explicitFileType = wrapper.application; includeInIndex = 0; path = Parklandia.app; sourceTree = BUILT_PRODUCTS_DIR; };
		65F984D31C2E616B00C2CF60 /* AppDelegate.swift */ = {isa = PBXFileReference; lastKnownFileType = sourcecode.swift; path = AppDelegate.swift; sourceTree = "<group>"; };
		65F984D81C2E616B00C2CF60 /* Base */ = {isa = PBXFileReference; lastKnownFileType = file.storyboard; name = Base; path = Base.lproj/Main.storyboard; sourceTree = "<group>"; };
		65F984DA1C2E616B00C2CF60 /* Assets.xcassets */ = {isa = PBXFileReference; lastKnownFileType = folder.assetcatalog; path = Assets.xcassets; sourceTree = "<group>"; };
		65F984DD1C2E616B00C2CF60 /* Base */ = {isa = PBXFileReference; lastKnownFileType = file.storyboard; name = Base; path = Base.lproj/LaunchScreen.storyboard; sourceTree = "<group>"; };
		65F984DF1C2E616B00C2CF60 /* Info.plist */ = {isa = PBXFileReference; lastKnownFileType = text.plist.xml; path = Info.plist; sourceTree = "<group>"; };
		65F984E41C2E616B00C2CF60 /* ParklandiaTests.xctest */ = {isa = PBXFileReference; explicitFileType = wrapper.cfbundle; includeInIndex = 0; path = ParklandiaTests.xctest; sourceTree = BUILT_PRODUCTS_DIR; };
		65F984E81C2E616B00C2CF60 /* ParklandiaTests.swift */ = {isa = PBXFileReference; lastKnownFileType = sourcecode.swift; path = ParklandiaTests.swift; sourceTree = "<group>"; };
		65F984EA1C2E616B00C2CF60 /* Info.plist */ = {isa = PBXFileReference; lastKnownFileType = text.plist.xml; path = Info.plist; sourceTree = "<group>"; };
		65F984EF1C2E616B00C2CF60 /* ParklandiaUITests.xctest */ = {isa = PBXFileReference; explicitFileType = wrapper.cfbundle; includeInIndex = 0; path = ParklandiaUITests.xctest; sourceTree = BUILT_PRODUCTS_DIR; };
		65F984F31C2E616B00C2CF60 /* ParklandiaUITests.swift */ = {isa = PBXFileReference; lastKnownFileType = sourcecode.swift; path = ParklandiaUITests.swift; sourceTree = "<group>"; };
		65F984F51C2E616B00C2CF60 /* Info.plist */ = {isa = PBXFileReference; lastKnownFileType = text.plist.xml; path = Info.plist; sourceTree = "<group>"; };
		65F985011C2E64DF00C2CF60 /* ParksListViewController.swift */ = {isa = PBXFileReference; fileEncoding = 4; lastKnownFileType = sourcecode.swift; path = ParksListViewController.swift; sourceTree = "<group>"; };
		65FD9EB41C6A39C500D6A1CB /* ParksNavigationController.swift */ = {isa = PBXFileReference; fileEncoding = 4; lastKnownFileType = sourcecode.swift; path = ParksNavigationController.swift; sourceTree = "<group>"; };
/* End PBXFileReference section */

/* Begin PBXFrameworksBuildPhase section */
		65F984CD1C2E616B00C2CF60 /* Frameworks */ = {
			isa = PBXFrameworksBuildPhase;
			buildActionMask = 2147483647;
			files = (
				65E870A11C86CCDC00098E11 /* MapKit.framework in Frameworks */,
			);
			runOnlyForDeploymentPostprocessing = 0;
		};
		65F984E11C2E616B00C2CF60 /* Frameworks */ = {
			isa = PBXFrameworksBuildPhase;
			buildActionMask = 2147483647;
			files = (
			);
			runOnlyForDeploymentPostprocessing = 0;
		};
		65F984EC1C2E616B00C2CF60 /* Frameworks */ = {
			isa = PBXFrameworksBuildPhase;
			buildActionMask = 2147483647;
			files = (
				65E870A01C86CCB900098E11 /* MapKit.framework in Frameworks */,
			);
			runOnlyForDeploymentPostprocessing = 0;
		};
/* End PBXFrameworksBuildPhase section */

/* Begin PBXGroup section */
		65F984C71C2E616B00C2CF60 = {
			isa = PBXGroup;
			children = (
				65E8709F1C86CCB900098E11 /* MapKit.framework */,
				65F984D21C2E616B00C2CF60 /* Parklandia */,
				65F984E71C2E616B00C2CF60 /* ParklandiaTests */,
				65F984F21C2E616B00C2CF60 /* ParklandiaUITests */,
				65F984D11C2E616B00C2CF60 /* Products */,
			);
			sourceTree = "<group>";
		};
		65F984D11C2E616B00C2CF60 /* Products */ = {
			isa = PBXGroup;
			children = (
				65F984D01C2E616B00C2CF60 /* Parklandia.app */,
				65F984E41C2E616B00C2CF60 /* ParklandiaTests.xctest */,
				65F984EF1C2E616B00C2CF60 /* ParklandiaUITests.xctest */,
			);
			name = Products;
			sourceTree = "<group>";
		};
		65F984D21C2E616B00C2CF60 /* Parklandia */ = {
			isa = PBXGroup;
			children = (
				658B23A61C7A633B00622487 /* ParksRootViewController.swift */,
				650BF7361C61D817003EF2C5 /* Park.swift */,
				65F984D31C2E616B00C2CF60 /* AppDelegate.swift */,
				65F985011C2E64DF00C2CF60 /* ParksListViewController.swift */,
				65F984D71C2E616B00C2CF60 /* Main.storyboard */,
				65E8709A1C86BFA600098E11 /* ParksMapViewController.swift */,
				65FD9EB41C6A39C500D6A1CB /* ParksNavigationController.swift */,
				65F984DA1C2E616B00C2CF60 /* Assets.xcassets */,
				65F984DC1C2E616B00C2CF60 /* LaunchScreen.storyboard */,
				65F984DF1C2E616B00C2CF60 /* Info.plist */,
			);
			path = Parklandia;
			sourceTree = "<group>";
		};
		65F984E71C2E616B00C2CF60 /* ParklandiaTests */ = {
			isa = PBXGroup;
			children = (
				65F984E81C2E616B00C2CF60 /* ParklandiaTests.swift */,
				65F984EA1C2E616B00C2CF60 /* Info.plist */,
			);
			path = ParklandiaTests;
			sourceTree = "<group>";
		};
		65F984F21C2E616B00C2CF60 /* ParklandiaUITests */ = {
			isa = PBXGroup;
			children = (
				65F984F31C2E616B00C2CF60 /* ParklandiaUITests.swift */,
				65F984F51C2E616B00C2CF60 /* Info.plist */,
			);
			path = ParklandiaUITests;
			sourceTree = "<group>";
		};
/* End PBXGroup section */

/* Begin PBXNativeTarget section */
		65F984CF1C2E616B00C2CF60 /* Parklandia */ = {
			isa = PBXNativeTarget;
			buildConfigurationList = 65F984F81C2E616B00C2CF60 /* Build configuration list for PBXNativeTarget "Parklandia" */;
			buildPhases = (
				65F984CC1C2E616B00C2CF60 /* Sources */,
				65F984CD1C2E616B00C2CF60 /* Frameworks */,
				65F984CE1C2E616B00C2CF60 /* Resources */,
			);
			buildRules = (
			);
			dependencies = (
			);
			name = Parklandia;
			productName = Parklandia;
			productReference = 65F984D01C2E616B00C2CF60 /* Parklandia.app */;
			productType = "com.apple.product-type.application";
		};
		65F984E31C2E616B00C2CF60 /* ParklandiaTests */ = {
			isa = PBXNativeTarget;
			buildConfigurationList = 65F984FB1C2E616B00C2CF60 /* Build configuration list for PBXNativeTarget "ParklandiaTests" */;
			buildPhases = (
				65F984E01C2E616B00C2CF60 /* Sources */,
				65F984E11C2E616B00C2CF60 /* Frameworks */,
				65F984E21C2E616B00C2CF60 /* Resources */,
			);
			buildRules = (
			);
			dependencies = (
				65F984E61C2E616B00C2CF60 /* PBXTargetDependency */,
			);
			name = ParklandiaTests;
			productName = ParklandiaTests;
			productReference = 65F984E41C2E616B00C2CF60 /* ParklandiaTests.xctest */;
			productType = "com.apple.product-type.bundle.unit-test";
		};
		65F984EE1C2E616B00C2CF60 /* ParklandiaUITests */ = {
			isa = PBXNativeTarget;
			buildConfigurationList = 65F984FE1C2E616B00C2CF60 /* Build configuration list for PBXNativeTarget "ParklandiaUITests" */;
			buildPhases = (
				65F984EB1C2E616B00C2CF60 /* Sources */,
				65F984EC1C2E616B00C2CF60 /* Frameworks */,
				65F984ED1C2E616B00C2CF60 /* Resources */,
			);
			buildRules = (
			);
			dependencies = (
				65F984F11C2E616B00C2CF60 /* PBXTargetDependency */,
			);
			name = ParklandiaUITests;
			productName = ParklandiaUITests;
			productReference = 65F984EF1C2E616B00C2CF60 /* ParklandiaUITests.xctest */;
			productType = "com.apple.product-type.bundle.ui-testing";
		};
/* End PBXNativeTarget section */

/* Begin PBXProject section */
		65F984C81C2E616B00C2CF60 /* Project object */ = {
			isa = PBXProject;
			attributes = {
				KnownAssetTags = (
					New,
				);
				LastSwiftUpdateCheck = 0720;
				LastUpgradeCheck = 0720;
				ORGANIZATIONNAME = "Maple + Pine";
				TargetAttributes = {
					65F984CF1C2E616B00C2CF60 = {
						CreatedOnToolsVersion = 7.2;
						DevelopmentTeam = C2C666J776;
					};
					65F984E31C2E616B00C2CF60 = {
						CreatedOnToolsVersion = 7.2;
						TestTargetID = 65F984CF1C2E616B00C2CF60;
					};
					65F984EE1C2E616B00C2CF60 = {
						CreatedOnToolsVersion = 7.2;
						TestTargetID = 65F984CF1C2E616B00C2CF60;
					};
				};
			};
			buildConfigurationList = 65F984CB1C2E616B00C2CF60 /* Build configuration list for PBXProject "Parklandia" */;
			compatibilityVersion = "Xcode 3.2";
			developmentRegion = English;
			hasScannedForEncodings = 0;
			knownRegions = (
				en,
				Base,
			);
			mainGroup = 65F984C71C2E616B00C2CF60;
			productRefGroup = 65F984D11C2E616B00C2CF60 /* Products */;
			projectDirPath = "";
			projectRoot = "";
			targets = (
				65F984CF1C2E616B00C2CF60 /* Parklandia */,
				65F984E31C2E616B00C2CF60 /* ParklandiaTests */,
				65F984EE1C2E616B00C2CF60 /* ParklandiaUITests */,
			);
		};
/* End PBXProject section */

/* Begin PBXResourcesBuildPhase section */
		65F984CE1C2E616B00C2CF60 /* Resources */ = {
			isa = PBXResourcesBuildPhase;
			buildActionMask = 2147483647;
			files = (
				65F984DE1C2E616B00C2CF60 /* LaunchScreen.storyboard in Resources */,
				65F984DB1C2E616B00C2CF60 /* Assets.xcassets in Resources */,
				65F984D91C2E616B00C2CF60 /* Main.storyboard in Resources */,
			);
			runOnlyForDeploymentPostprocessing = 0;
		};
		65F984E21C2E616B00C2CF60 /* Resources */ = {
			isa = PBXResourcesBuildPhase;
			buildActionMask = 2147483647;
			files = (
			);
			runOnlyForDeploymentPostprocessing = 0;
		};
		65F984ED1C2E616B00C2CF60 /* Resources */ = {
			isa = PBXResourcesBuildPhase;
			buildActionMask = 2147483647;
			files = (
			);
			runOnlyForDeploymentPostprocessing = 0;
		};
/* End PBXResourcesBuildPhase section */

/* Begin PBXSourcesBuildPhase section */
		65F984CC1C2E616B00C2CF60 /* Sources */ = {
			isa = PBXSourcesBuildPhase;
			buildActionMask = 2147483647;
			files = (
				65F985021C2E64DF00C2CF60 /* ParksListViewController.swift in Sources */,
				650BF7371C61D817003EF2C5 /* Park.swift in Sources */,
				65F984D41C2E616B00C2CF60 /* AppDelegate.swift in Sources */,
				65E8709B1C86BFA600098E11 /* ParksMapViewController.swift in Sources */,
				65FD9EB51C6A39C500D6A1CB /* ParksNavigationController.swift in Sources */,
				658B23A71C7A633B00622487 /* ParksRootViewController.swift in Sources */,
			);
			runOnlyForDeploymentPostprocessing = 0;
		};
		65F984E01C2E616B00C2CF60 /* Sources */ = {
			isa = PBXSourcesBuildPhase;
			buildActionMask = 2147483647;
			files = (
				65F984E91C2E616B00C2CF60 /* ParklandiaTests.swift in Sources */,
			);
			runOnlyForDeploymentPostprocessing = 0;
		};
		65F984EB1C2E616B00C2CF60 /* Sources */ = {
			isa = PBXSourcesBuildPhase;
			buildActionMask = 2147483647;
			files = (
				65F984F41C2E616B00C2CF60 /* ParklandiaUITests.swift in Sources */,
			);
			runOnlyForDeploymentPostprocessing = 0;
		};
/* End PBXSourcesBuildPhase section */

/* Begin PBXTargetDependency section */
		65F984E61C2E616B00C2CF60 /* PBXTargetDependency */ = {
			isa = PBXTargetDependency;
			target = 65F984CF1C2E616B00C2CF60 /* Parklandia */;
			targetProxy = 65F984E51C2E616B00C2CF60 /* PBXContainerItemProxy */;
		};
		65F984F11C2E616B00C2CF60 /* PBXTargetDependency */ = {
			isa = PBXTargetDependency;
			target = 65F984CF1C2E616B00C2CF60 /* Parklandia */;
			targetProxy = 65F984F01C2E616B00C2CF60 /* PBXContainerItemProxy */;
		};
/* End PBXTargetDependency section */

/* Begin PBXVariantGroup section */
		65F984D71C2E616B00C2CF60 /* Main.storyboard */ = {
			isa = PBXVariantGroup;
			children = (
				65F984D81C2E616B00C2CF60 /* Base */,
			);
			name = Main.storyboard;
			sourceTree = "<group>";
		};
		65F984DC1C2E616B00C2CF60 /* LaunchScreen.storyboard */ = {
			isa = PBXVariantGroup;
			children = (
				65F984DD1C2E616B00C2CF60 /* Base */,
			);
			name = LaunchScreen.storyboard;
			sourceTree = "<group>";
		};
/* End PBXVariantGroup section */

/* Begin XCBuildConfiguration section */
		65F984F61C2E616B00C2CF60 /* Debug */ = {
			isa = XCBuildConfiguration;
			buildSettings = {
				ALWAYS_SEARCH_USER_PATHS = NO;
				CLANG_CXX_LANGUAGE_STANDARD = "gnu++0x";
				CLANG_CXX_LIBRARY = "libc++";
				CLANG_ENABLE_MODULES = YES;
				CLANG_ENABLE_OBJC_ARC = YES;
				CLANG_WARN_BOOL_CONVERSION = YES;
				CLANG_WARN_CONSTANT_CONVERSION = YES;
				CLANG_WARN_DIRECT_OBJC_ISA_USAGE = YES_ERROR;
				CLANG_WARN_EMPTY_BODY = YES;
				CLANG_WARN_ENUM_CONVERSION = YES;
				CLANG_WARN_INT_CONVERSION = YES;
				CLANG_WARN_OBJC_ROOT_CLASS = YES_ERROR;
				CLANG_WARN_UNREACHABLE_CODE = YES;
				CLANG_WARN__DUPLICATE_METHOD_MATCH = YES;
				"CODE_SIGN_IDENTITY[sdk=iphoneos*]" = "iPhone Developer";
				COPY_PHASE_STRIP = NO;
				DEBUG_INFORMATION_FORMAT = dwarf;
				ENABLE_STRICT_OBJC_MSGSEND = YES;
				ENABLE_TESTABILITY = YES;
				GCC_C_LANGUAGE_STANDARD = gnu99;
				GCC_DYNAMIC_NO_PIC = NO;
				GCC_NO_COMMON_BLOCKS = YES;
				GCC_OPTIMIZATION_LEVEL = 0;
				GCC_PREPROCESSOR_DEFINITIONS = (
					"DEBUG=1",
					"$(inherited)",
				);
				GCC_WARN_64_TO_32_BIT_CONVERSION = YES;
				GCC_WARN_ABOUT_RETURN_TYPE = YES_ERROR;
				GCC_WARN_UNDECLARED_SELECTOR = YES;
				GCC_WARN_UNINITIALIZED_AUTOS = YES_AGGRESSIVE;
				GCC_WARN_UNUSED_FUNCTION = YES;
				GCC_WARN_UNUSED_VARIABLE = YES;
				IPHONEOS_DEPLOYMENT_TARGET = 9.2;
				MTL_ENABLE_DEBUG_INFO = YES;
				ONLY_ACTIVE_ARCH = YES;
				SDKROOT = iphoneos;
				SWIFT_OPTIMIZATION_LEVEL = "-Onone";
			};
			name = Debug;
		};
		65F984F71C2E616B00C2CF60 /* Release */ = {
			isa = XCBuildConfiguration;
			buildSettings = {
				ALWAYS_SEARCH_USER_PATHS = NO;
				CLANG_CXX_LANGUAGE_STANDARD = "gnu++0x";
				CLANG_CXX_LIBRARY = "libc++";
				CLANG_ENABLE_MODULES = YES;
				CLANG_ENABLE_OBJC_ARC = YES;
				CLANG_WARN_BOOL_CONVERSION = YES;
				CLANG_WARN_CONSTANT_CONVERSION = YES;
				CLANG_WARN_DIRECT_OBJC_ISA_USAGE = YES_ERROR;
				CLANG_WARN_EMPTY_BODY = YES;
				CLANG_WARN_ENUM_CONVERSION = YES;
				CLANG_WARN_INT_CONVERSION = YES;
				CLANG_WARN_OBJC_ROOT_CLASS = YES_ERROR;
				CLANG_WARN_UNREACHABLE_CODE = YES;
				CLANG_WARN__DUPLICATE_METHOD_MATCH = YES;
				"CODE_SIGN_IDENTITY[sdk=iphoneos*]" = "iPhone Developer";
				COPY_PHASE_STRIP = NO;
				DEBUG_INFORMATION_FORMAT = "dwarf-with-dsym";
				ENABLE_NS_ASSERTIONS = NO;
				ENABLE_STRICT_OBJC_MSGSEND = YES;
				GCC_C_LANGUAGE_STANDARD = gnu99;
				GCC_NO_COMMON_BLOCKS = YES;
				GCC_WARN_64_TO_32_BIT_CONVERSION = YES;
				GCC_WARN_ABOUT_RETURN_TYPE = YES_ERROR;
				GCC_WARN_UNDECLARED_SELECTOR = YES;
				GCC_WARN_UNINITIALIZED_AUTOS = YES_AGGRESSIVE;
				GCC_WARN_UNUSED_FUNCTION = YES;
				GCC_WARN_UNUSED_VARIABLE = YES;
				IPHONEOS_DEPLOYMENT_TARGET = 9.2;
				MTL_ENABLE_DEBUG_INFO = NO;
				SDKROOT = iphoneos;
				VALIDATE_PRODUCT = YES;
			};
			name = Release;
		};
		65F984F91C2E616B00C2CF60 /* Debug */ = {
			isa = XCBuildConfiguration;
			buildSettings = {
				ASSETCATALOG_COMPILER_APPICON_NAME = AppIcon;
				CODE_SIGN_IDENTITY = "iPhone Developer";
				"CODE_SIGN_IDENTITY[sdk=iphoneos*]" = "iPhone Developer";
				INFOPLIST_FILE = Parklandia/Info.plist;
				LD_RUNPATH_SEARCH_PATHS = "$(inherited) @executable_path/Frameworks";
				PRODUCT_BUNDLE_IDENTIFIER = co.mapleandpine.Parklandia;
				PRODUCT_NAME = "$(TARGET_NAME)";
				PROVISIONING_PROFILE = "";
			};
			name = Debug;
		};
		65F984FA1C2E616B00C2CF60 /* Release */ = {
			isa = XCBuildConfiguration;
			buildSettings = {
				ASSETCATALOG_COMPILER_APPICON_NAME = AppIcon;
				CODE_SIGN_IDENTITY = "iPhone Developer";
				"CODE_SIGN_IDENTITY[sdk=iphoneos*]" = "iPhone Developer";
				INFOPLIST_FILE = Parklandia/Info.plist;
				LD_RUNPATH_SEARCH_PATHS = "$(inherited) @executable_path/Frameworks";
				PRODUCT_BUNDLE_IDENTIFIER = co.mapleandpine.Parklandia;
				PRODUCT_NAME = "$(TARGET_NAME)";
				PROVISIONING_PROFILE = "";
			};
			name = Release;
		};
		65F984FC1C2E616B00C2CF60 /* Debug */ = {
			isa = XCBuildConfiguration;
			buildSettings = {
				BUNDLE_LOADER = "$(TEST_HOST)";
				INFOPLIST_FILE = ParklandiaTests/Info.plist;
				LD_RUNPATH_SEARCH_PATHS = "$(inherited) @executable_path/Frameworks @loader_path/Frameworks";
				PRODUCT_BUNDLE_IDENTIFIER = co.mapleandpine.ParklandiaTests;
				PRODUCT_NAME = "$(TARGET_NAME)";
				TEST_HOST = "$(BUILT_PRODUCTS_DIR)/Parklandia.app/Parklandia";
			};
			name = Debug;
		};
		65F984FD1C2E616B00C2CF60 /* Release */ = {
			isa = XCBuildConfiguration;
			buildSettings = {
				BUNDLE_LOADER = "$(TEST_HOST)";
				INFOPLIST_FILE = ParklandiaTests/Info.plist;
				LD_RUNPATH_SEARCH_PATHS = "$(inherited) @executable_path/Frameworks @loader_path/Frameworks";
				PRODUCT_BUNDLE_IDENTIFIER = co.mapleandpine.ParklandiaTests;
				PRODUCT_NAME = "$(TARGET_NAME)";
				TEST_HOST = "$(BUILT_PRODUCTS_DIR)/Parklandia.app/Parklandia";
			};
			name = Release;
		};
		65F984FF1C2E616B00C2CF60 /* Debug */ = {
			isa = XCBuildConfiguration;
			buildSettings = {
				INFOPLIST_FILE = ParklandiaUITests/Info.plist;
				LD_RUNPATH_SEARCH_PATHS = "$(inherited) @executable_path/Frameworks @loader_path/Frameworks";
				PRODUCT_BUNDLE_IDENTIFIER = co.mapleandpine.ParklandiaUITests;
				PRODUCT_NAME = "$(TARGET_NAME)";
				PROVISIONING_PROFILE = "";
				TEST_TARGET_NAME = Parklandia;
				USES_XCTRUNNER = YES;
			};
			name = Debug;
		};
		65F985001C2E616B00C2CF60 /* Release */ = {
			isa = XCBuildConfiguration;
			buildSettings = {
				INFOPLIST_FILE = ParklandiaUITests/Info.plist;
				LD_RUNPATH_SEARCH_PATHS = "$(inherited) @executable_path/Frameworks @loader_path/Frameworks";
				PRODUCT_BUNDLE_IDENTIFIER = co.mapleandpine.ParklandiaUITests;
				PRODUCT_NAME = "$(TARGET_NAME)";
				PROVISIONING_PROFILE = "";
				TEST_TARGET_NAME = Parklandia;
				USES_XCTRUNNER = YES;
			};
			name = Release;
		};
/* End XCBuildConfiguration section */

/* Begin XCConfigurationList section */
		65F984CB1C2E616B00C2CF60 /* Build configuration list for PBXProject "Parklandia" */ = {
			isa = XCConfigurationList;
			buildConfigurations = (
				65F984F61C2E616B00C2CF60 /* Debug */,
				65F984F71C2E616B00C2CF60 /* Release */,
			);
			defaultConfigurationIsVisible = 0;
			defaultConfigurationName = Release;
		};
		65F984F81C2E616B00C2CF60 /* Build configuration list for PBXNativeTarget "Parklandia" */ = {
			isa = XCConfigurationList;
			buildConfigurations = (
				65F984F91C2E616B00C2CF60 /* Debug */,
				65F984FA1C2E616B00C2CF60 /* Release */,
			);
			defaultConfigurationIsVisible = 0;
			defaultConfigurationName = Release;
		};
		65F984FB1C2E616B00C2CF60 /* Build configuration list for PBXNativeTarget "ParklandiaTests" */ = {
			isa = XCConfigurationList;
			buildConfigurations = (
				65F984FC1C2E616B00C2CF60 /* Debug */,
				65F984FD1C2E616B00C2CF60 /* Release */,
			);
			defaultConfigurationIsVisible = 0;
			defaultConfigurationName = Release;
		};
		65F984FE1C2E616B00C2CF60 /* Build configuration list for PBXNativeTarget "ParklandiaUITests" */ = {
			isa = XCConfigurationList;
			buildConfigurations = (
				65F984FF1C2E616B00C2CF60 /* Debug */,
				65F985001C2E616B00C2CF60 /* Release */,
			);
			defaultConfigurationIsVisible = 0;
			defaultConfigurationName = Release;
		};
/* End XCConfigurationList section */
	};
	rootObject = 65F984C81C2E616B00C2CF60 /* Project object */;
}
